# This file is automatically @generated by Cargo.
# It is not intended for manual editing.
version = 3

[[package]]
name = "concurrent-queue"
version = "2.5.0"
source = "registry+https://github.com/rust-lang/crates.io-index"
checksum = "4ca0197aee26d1ae37445ee532fefce43251d24cc7c166799f4d46817f1d3973"
dependencies = [
 "crossbeam-utils",
]

[[package]]
name = "crossbeam-utils"
version = "0.8.20"
source = "registry+https://github.com/rust-lang/crates.io-index"
checksum = "22ec99545bb0ed0ea7bb9b8e1e9122ea386ff8a48c0922e43f36d45ab09e0e80"

[[package]]
name = "event-listener"
version = "5.3.1"
source = "registry+https://github.com/rust-lang/crates.io-index"
checksum = "6032be9bd27023a771701cc49f9f053c751055f71efb2e0ae5c15809093675ba"
dependencies = [
 "concurrent-queue",
 "parking",
 "pin-project-lite",
]

[[package]]
name = "events"
version = "0.1.0"
dependencies = [
 "event-listener",
]

[[package]]
name = "parking"
version = "2.2.1"
source = "registry+https://github.com/rust-lang/crates.io-index"
checksum = "f38d5652c16fde515bb1ecef450ab0f6a219d619a7274976324d5e377f7dceba"

[[package]]
name = "pin-project-lite"
version = "0.2.14"
source = "registry+https://github.com/rust-lang/crates.io-index"
checksum = "bda66fc9667c18cb2758a2ac84d1167245054bcf85d5d1aaa6923f45801bdd02"
